// !$*UTF8*$!
{
	archiveVersion = 1;
	classes = {
	};
	objectVersion = 48;
	objects = {

/* Begin PBXBuildFile section */
		60025F97217D79260000996D /* venom2.jpg in Resources */ = {isa = PBXBuildFile; fileRef = 60025F95217D79260000996D /* venom2.jpg */; };
		60025F98217D79260000996D /* venom.jpg in Resources */ = {isa = PBXBuildFile; fileRef = 60025F96217D79260000996D /* venom.jpg */; };
		60025F9A217D79C30000996D /* profile.jpg in Resources */ = {isa = PBXBuildFile; fileRef = 60025F99217D79C30000996D /* profile.jpg */; };
		60025F9C217D8BF30000996D /* yt_logo_rgb_dark.png in Resources */ = {isa = PBXBuildFile; fileRef = 60025F9B217D8BF20000996D /* yt_logo_rgb_dark.png */; };
		60025F9F217D98C00000996D /* MenuBar.swift in Sources */ = {isa = PBXBuildFile; fileRef = 60025F9E217D98C00000996D /* MenuBar.swift */; };
		60EF7467217D5B7500CF67ED /* AppDelegate.swift in Sources */ = {isa = PBXBuildFile; fileRef = 60EF7466217D5B7500CF67ED /* AppDelegate.swift */; };
		60EF7469217D5B7500CF67ED /* ViewController.swift in Sources */ = {isa = PBXBuildFile; fileRef = 60EF7468217D5B7500CF67ED /* ViewController.swift */; };
		60EF746C217D5B7500CF67ED /* Main.storyboard in Resources */ = {isa = PBXBuildFile; fileRef = 60EF746A217D5B7500CF67ED /* Main.storyboard */; };
		60EF746E217D5B7500CF67ED /* Assets.xcassets in Resources */ = {isa = PBXBuildFile; fileRef = 60EF746D217D5B7500CF67ED /* Assets.xcassets */; };
		60EF7471217D5B7500CF67ED /* LaunchScreen.storyboard in Resources */ = {isa = PBXBuildFile; fileRef = 60EF746F217D5B7500CF67ED /* LaunchScreen.storyboard */; };
		60EF747A217D5ECE00CF67ED /* Colors.swift in Sources */ = {isa = PBXBuildFile; fileRef = 60EF7479217D5ECE00CF67ED /* Colors.swift */; };
/* End PBXBuildFile section */

/* Begin PBXFileReference section */
		60025F95217D79260000996D /* venom2.jpg */ = {isa = PBXFileReference; lastKnownFileType = image.jpeg; path = venom2.jpg; sourceTree = "<group>"; };
		60025F96217D79260000996D /* venom.jpg */ = {isa = PBXFileReference; lastKnownFileType = image.jpeg; path = venom.jpg; sourceTree = "<group>"; };
		60025F99217D79C30000996D /* profile.jpg */ = {isa = PBXFileReference; lastKnownFileType = image.jpeg; path = profile.jpg; sourceTree = "<group>"; };
		60025F9B217D8BF20000996D /* yt_logo_rgb_dark.png */ = {isa = PBXFileReference; lastKnownFileType = image.png; path = yt_logo_rgb_dark.png; sourceTree = "<group>"; };
		60025F9E217D98C00000996D /* MenuBar.swift */ = {isa = PBXFileReference; lastKnownFileType = sourcecode.swift; path = MenuBar.swift; sourceTree = "<group>"; };
		60EF7463217D5B7500CF67ED /* YoutubeCopy.app */ = {isa = PBXFileReference; explicitFileType = wrapper.application; includeInIndex = 0; path = YoutubeCopy.app; sourceTree = BUILT_PRODUCTS_DIR; };
		60EF7466217D5B7500CF67ED /* AppDelegate.swift */ = {isa = PBXFileReference; lastKnownFileType = sourcecode.swift; path = AppDelegate.swift; sourceTree = "<group>"; };
		60EF7468217D5B7500CF67ED /* ViewController.swift */ = {isa = PBXFileReference; lastKnownFileType = sourcecode.swift; path = ViewController.swift; sourceTree = "<group>"; };
		60EF746B217D5B7500CF67ED /* Base */ = {isa = PBXFileReference; lastKnownFileType = file.storyboard; name = Base; path = Base.lproj/Main.storyboard; sourceTree = "<group>"; };
		60EF746D217D5B7500CF67ED /* Assets.xcassets */ = {isa = PBXFileReference; lastKnownFileType = folder.assetcatalog; path = Assets.xcassets; sourceTree = "<group>"; };
		60EF7470217D5B7500CF67ED /* Base */ = {isa = PBXFileReference; lastKnownFileType = file.storyboard; name = Base; path = Base.lproj/LaunchScreen.storyboard; sourceTree = "<group>"; };
		60EF7472217D5B7500CF67ED /* Info.plist */ = {isa = PBXFileReference; lastKnownFileType = text.plist.xml; path = Info.plist; sourceTree = "<group>"; };
		60EF7479217D5ECE00CF67ED /* Colors.swift */ = {isa = PBXFileReference; lastKnownFileType = sourcecode.swift; path = Colors.swift; sourceTree = "<group>"; };
/* End PBXFileReference section */

/* Begin PBXFrameworksBuildPhase section */
		60EF7460217D5B7500CF67ED /* Frameworks */ = {
			isa = PBXFrameworksBuildPhase;
			buildActionMask = 2147483647;
			files = (
			);
			runOnlyForDeploymentPostprocessing = 0;
		};
/* End PBXFrameworksBuildPhase section */

/* Begin PBXGroup section */
		60025F9D217D98A40000996D /* View */ = {
			isa = PBXGroup;
			children = (
				60025F9E217D98C00000996D /* MenuBar.swift */,
			);
			path = View;
			sourceTree = "<group>";
		};
		60EF745A217D5B7500CF67ED = {
			isa = PBXGroup;
			children = (
				60EF7465217D5B7500CF67ED /* YoutubeCopy */,
				60EF7464217D5B7500CF67ED /* Products */,
			);
			sourceTree = "<group>";
		};
		60EF7464217D5B7500CF67ED /* Products */ = {
			isa = PBXGroup;
			children = (
				60EF7463217D5B7500CF67ED /* YoutubeCopy.app */,
			);
			name = Products;
			sourceTree = "<group>";
		};
		60EF7465217D5B7500CF67ED /* YoutubeCopy */ = {
			isa = PBXGroup;
			children = (
				60025F9D217D98A40000996D /* View */,
				60EF7478217D5EBF00CF67ED /* Style */,
				60EF7466217D5B7500CF67ED /* AppDelegate.swift */,
				60025F96217D79260000996D /* venom.jpg */,
				60025F99217D79C30000996D /* profile.jpg */,
				60025F95217D79260000996D /* venom2.jpg */,
				60EF7468217D5B7500CF67ED /* ViewController.swift */,
				60EF746A217D5B7500CF67ED /* Main.storyboard */,
				60025F9B217D8BF20000996D /* yt_logo_rgb_dark.png */,
				60EF746D217D5B7500CF67ED /* Assets.xcassets */,
				60EF746F217D5B7500CF67ED /* LaunchScreen.storyboard */,
				60EF7472217D5B7500CF67ED /* Info.plist */,
			);
			path = YoutubeCopy;
			sourceTree = "<group>";
		};
		60EF7478217D5EBF00CF67ED /* Style */ = {
			isa = PBXGroup;
			children = (
				60EF7479217D5ECE00CF67ED /* Colors.swift */,
			);
			path = Style;
			sourceTree = "<group>";
		};
/* End PBXGroup section */

/* Begin PBXNativeTarget section */
		60EF7462217D5B7500CF67ED /* YoutubeCopy */ = {
			isa = PBXNativeTarget;
			buildConfigurationList = 60EF7475217D5B7500CF67ED /* Build configuration list for PBXNativeTarget "YoutubeCopy" */;
			buildPhases = (
				60EF745F217D5B7500CF67ED /* Sources */,
				60EF7460217D5B7500CF67ED /* Frameworks */,
				60EF7461217D5B7500CF67ED /* Resources */,
			);
			buildRules = (
			);
			dependencies = (
			);
			name = YoutubeCopy;
			productName = YoutubeCopy;
			productReference = 60EF7463217D5B7500CF67ED /* YoutubeCopy.app */;
			productType = "com.apple.product-type.application";
		};
/* End PBXNativeTarget section */

/* Begin PBXProject section */
		60EF745B217D5B7500CF67ED /* Project object */ = {
			isa = PBXProject;
			attributes = {
				LastSwiftUpdateCheck = 0920;
				LastUpgradeCheck = 0920;
				ORGANIZATIONNAME = tax_k;
				TargetAttributes = {
					60EF7462217D5B7500CF67ED = {
						CreatedOnToolsVersion = 9.2;
						ProvisioningStyle = Automatic;
					};
				};
			};
			buildConfigurationList = 60EF745E217D5B7500CF67ED /* Build configuration list for PBXProject "YoutubeCopy" */;
			compatibilityVersion = "Xcode 8.0";
			developmentRegion = en;
			hasScannedForEncodings = 0;
			knownRegions = (
				en,
				Base,
			);
			mainGroup = 60EF745A217D5B7500CF67ED;
			productRefGroup = 60EF7464217D5B7500CF67ED /* Products */;
			projectDirPath = "";
			projectRoot = "";
			targets = (
				60EF7462217D5B7500CF67ED /* YoutubeCopy */,
			);
		};
/* End PBXProject section */

/* Begin PBXResourcesBuildPhase section */
		60EF7461217D5B7500CF67ED /* Resources */ = {
			isa = PBXResourcesBuildPhase;
			buildActionMask = 2147483647;
			files = (
				60025F97217D79260000996D /* venom2.jpg in Resources */,
				60025F9A217D79C30000996D /* profile.jpg in Resources */,
				60025F9C217D8BF30000996D /* yt_logo_rgb_dark.png in Resources */,
				60EF7471217D5B7500CF67ED /* LaunchScreen.storyboard in Resources */,
				60025F98217D79260000996D /* venom.jpg in Resources */,
				60EF746E217D5B7500CF67ED /* Assets.xcassets in Resources */,
				60EF746C217D5B7500CF67ED /* Main.storyboard in Resources */,
			);
			runOnlyForDeploymentPostprocessing = 0;
		};
/* End PBXResourcesBuildPhase section */

/* Begin PBXSourcesBuildPhase section */
		60EF745F217D5B7500CF67ED /* Sources */ = {
			isa = PBXSourcesBuildPhase;
			buildActionMask = 2147483647;
			files = (
				60EF7469217D5B7500CF67ED /* ViewController.swift in Sources */,
				60EF747A217D5ECE00CF67ED /* Colors.swift in Sources */,
				60025F9F217D98C00000996D /* MenuBar.swift in Sources */,
				60EF7467217D5B7500CF67ED /* AppDelegate.swift in Sources */,
			);
			runOnlyForDeploymentPostprocessing = 0;
		};
/* End PBXSourcesBuildPhase section */

/* Begin PBXVariantGroup section */
		60EF746A217D5B7500CF67ED /* Main.storyboard */ = {
			isa = PBXVariantGroup;
			children = (
				60EF746B217D5B7500CF67ED /* Base */,
			);
			name = Main.storyboard;
			sourceTree = "<group>";
		};
		60EF746F217D5B7500CF67ED /* LaunchScreen.storyboard */ = {
			isa = PBXVariantGroup;
			children = (
				60EF7470217D5B7500CF67ED /* Base */,
			);
			name = LaunchScreen.storyboard;
			sourceTree = "<group>";
		};
/* End PBXVariantGroup section */

/* Begin XCBuildConfiguration section */
		60EF7473217D5B7500CF67ED /* Debug */ = {
			isa = XCBuildConfiguration;
			buildSettings = {
				ALWAYS_SEARCH_USER_PATHS = NO;
				CLANG_ANALYZER_NONNULL = YES;
				CLANG_ANALYZER_NUMBER_OBJECT_CONVERSION = YES_AGGRESSIVE;
				CLANG_CXX_LANGUAGE_STANDARD = "gnu++14";
				CLANG_CXX_LIBRARY = "libc++";
				CLANG_ENABLE_MODULES = YES;
				CLANG_ENABLE_OBJC_ARC = YES;
				CLANG_WARN_BLOCK_CAPTURE_AUTORELEASING = YES;
				CLANG_WARN_BOOL_CONVERSION = YES;
				CLANG_WARN_COMMA = YES;
				CLANG_WARN_CONSTANT_CONVERSION = YES;
				CLANG_WARN_DIRECT_OBJC_ISA_USAGE = YES_ERROR;
				CLANG_WARN_DOCUMENTATION_COMMENTS = YES;
				CLANG_WARN_EMPTY_BODY = YES;
				CLANG_WARN_ENUM_CONVERSION = YES;
				CLANG_WARN_INFINITE_RECURSION = YES;
				CLANG_WARN_INT_CONVERSION = YES;
				CLANG_WARN_NON_LITERAL_NULL_CONVERSION = YES;
				CLANG_WARN_OBJC_LITERAL_CONVERSION = YES;
				CLANG_WARN_OBJC_ROOT_CLASS = YES_ERROR;
				CLANG_WARN_RANGE_LOOP_ANALYSIS = YES;
				CLANG_WARN_STRICT_PROTOTYPES = YES;
				CLANG_WARN_SUSPICIOUS_MOVE = YES;
				CLANG_WARN_UNGUARDED_AVAILABILITY = YES_AGGRESSIVE;
				CLANG_WARN_UNREACHABLE_CODE = YES;
				CLANG_WARN__DUPLICATE_METHOD_MATCH = YES;
				CODE_SIGN_IDENTITY = "iPhone Developer";
				COPY_PHASE_STRIP = NO;
				DEBUG_INFORMATION_FORMAT = dwarf;
				ENABLE_STRICT_OBJC_MSGSEND = YES;
				ENABLE_TESTABILITY = YES;
				GCC_C_LANGUAGE_STANDARD = gnu11;
				GCC_DYNAMIC_NO_PIC = NO;
				GCC_NO_COMMON_BLOCKS = YES;
				GCC_OPTIMIZATION_LEVEL = 0;
				GCC_PREPROCESSOR_DEFINITIONS = (
					"DEBUG=1",
					"$(inherited)",
				);
				GCC_WARN_64_TO_32_BIT_CONVERSION = YES;
				GCC_WARN_ABOUT_RETURN_TYPE = YES_ERROR;
				GCC_WARN_UNDECLARED_SELECTOR = YES;
				GCC_WARN_UNINITIALIZED_AUTOS = YES_AGGRESSIVE;
				GCC_WARN_UNUSED_FUNCTION = YES;
				GCC_WARN_UNUSED_VARIABLE = YES;
				IPHONEOS_DEPLOYMENT_TARGET = 11.2;
				MTL_ENABLE_DEBUG_INFO = YES;
				ONLY_ACTIVE_ARCH = YES;
				SDKROOT = iphoneos;
				SWIFT_ACTIVE_COMPILATION_CONDITIONS = DEBUG;
				SWIFT_OPTIMIZATION_LEVEL = "-Onone";
			};
			name = Debug;
		};
		60EF7474217D5B7500CF67ED /* Release */ = {
			isa = XCBuildConfiguration;
			buildSettings = {
				ALWAYS_SEARCH_USER_PATHS = NO;
				CLANG_ANALYZER_NONNULL = YES;
				CLANG_ANALYZER_NUMBER_OBJECT_CONVERSION = YES_AGGRESSIVE;
				CLANG_CXX_LANGUAGE_STANDARD = "gnu++14";
				CLANG_CXX_LIBRARY = "libc++";
				CLANG_ENABLE_MODULES = YES;
				CLANG_ENABLE_OBJC_ARC = YES;
				CLANG_WARN_BLOCK_CAPTURE_AUTORELEASING = YES;
				CLANG_WARN_BOOL_CONVERSION = YES;
				CLANG_WARN_COMMA = YES;
				CLANG_WARN_CONSTANT_CONVERSION = YES;
				CLANG_WARN_DIRECT_OBJC_ISA_USAGE = YES_ERROR;
				CLANG_WARN_DOCUMENTATION_COMMENTS = YES;
				CLANG_WARN_EMPTY_BODY = YES;
				CLANG_WARN_ENUM_CONVERSION = YES;
				CLANG_WARN_INFINITE_RECURSION = YES;
				CLANG_WARN_INT_CONVERSION = YES;
				CLANG_WARN_NON_LITERAL_NULL_CONVERSION = YES;
				CLANG_WARN_OBJC_LITERAL_CONVERSION = YES;
				CLANG_WARN_OBJC_ROOT_CLASS = YES_ERROR;
				CLANG_WARN_RANGE_LOOP_ANALYSIS = YES;
				CLANG_WARN_STRICT_PROTOTYPES = YES;
				CLANG_WARN_SUSPICIOUS_MOVE = YES;
				CLANG_WARN_UNGUARDED_AVAILABILITY = YES_AGGRESSIVE;
				CLANG_WARN_UNREACHABLE_CODE = YES;
				CLANG_WARN__DUPLICATE_METHOD_MATCH = YES;
				CODE_SIGN_IDENTITY = "iPhone Developer";
				COPY_PHASE_STRIP = NO;
				DEBUG_INFORMATION_FORMAT = "dwarf-with-dsym";
				ENABLE_NS_ASSERTIONS = NO;
				ENABLE_STRICT_OBJC_MSGSEND = YES;
				GCC_C_LANGUAGE_STANDARD = gnu11;
				GCC_NO_COMMON_BLOCKS = YES;
				GCC_WARN_64_TO_32_BIT_CONVERSION = YES;
				GCC_WARN_ABOUT_RETURN_TYPE = YES_ERROR;
				GCC_WARN_UNDECLARED_SELECTOR = YES;
				GCC_WARN_UNINITIALIZED_AUTOS = YES_AGGRESSIVE;
				GCC_WARN_UNUSED_FUNCTION = YES;
				GCC_WARN_UNUSED_VARIABLE = YES;
				IPHONEOS_DEPLOYMENT_TARGET = 11.2;
				MTL_ENABLE_DEBUG_INFO = NO;
				SDKROOT = iphoneos;
				SWIFT_OPTIMIZATION_LEVEL = "-Owholemodule";
				VALIDATE_PRODUCT = YES;
			};
			name = Release;
		};
		60EF7476217D5B7500CF67ED /* Debug */ = {
			isa = XCBuildConfiguration;
			buildSettings = {
				ASSETCATALOG_COMPILER_APPICON_NAME = AppIcon;
				CODE_SIGN_STYLE = Automatic;
				DEVELOPMENT_TEAM = 7C5R9X9Z2N;
				INFOPLIST_FILE = YoutubeCopy/Info.plist;
				LD_RUNPATH_SEARCH_PATHS = "$(inherited) @executable_path/Frameworks";
				PRODUCT_BUNDLE_IDENTIFIER = taxk.YoutubeCopy;
				PRODUCT_NAME = "$(TARGET_NAME)";
				SWIFT_VERSION = 4.0;
				TARGETED_DEVICE_FAMILY = "1,2";
			};
			name = Debug;
		};
		60EF7477217D5B7500CF67ED /* Release */ = {
			isa = XCBuildConfiguration;
			buildSettings = {
				ASSETCATALOG_COMPILER_APPICON_NAME = AppIcon;
				CODE_SIGN_STYLE = Automatic;
				DEVELOPMENT_TEAM = 7C5R9X9Z2N;
				INFOPLIST_FILE = YoutubeCopy/Info.plist;
				LD_RUNPATH_SEARCH_PATHS = "$(inherited) @executable_path/Frameworks";
				PRODUCT_BUNDLE_IDENTIFIER = taxk.YoutubeCopy;
				PRODUCT_NAME = "$(TARGET_NAME)";
				SWIFT_VERSION = 4.0;
				TARGETED_DEVICE_FAMILY = "1,2";
			};
			name = Release;
		};
/* End XCBuildConfiguration section */

/* Begin XCConfigurationList section */
		60EF745E217D5B7500CF67ED /* Build configuration list for PBXProject "YoutubeCopy" */ = {
			isa = XCConfigurationList;
			buildConfigurations = (
				60EF7473217D5B7500CF67ED /* Debug */,
				60EF7474217D5B7500CF67ED /* Release */,
			);
			defaultConfigurationIsVisible = 0;
			defaultConfigurationName = Release;
		};
		60EF7475217D5B7500CF67ED /* Build configuration list for PBXNativeTarget "YoutubeCopy" */ = {
			isa = XCConfigurationList;
			buildConfigurations = (
				60EF7476217D5B7500CF67ED /* Debug */,
				60EF7477217D5B7500CF67ED /* Release */,
			);
			defaultConfigurationIsVisible = 0;
			defaultConfigurationName = Release;
		};
/* End XCConfigurationList section */
	};
	rootObject = 60EF745B217D5B7500CF67ED /* Project object */;
}
